// !$*UTF8*$!
{
	archiveVersion = 1;
	classes = {
	};
	objectVersion = 46;
	objects = {

/* Begin PBXBuildFile section */
		9922816219DD2A3600ED5C1B /* AppDelegate.swift in Sources */ = {isa = PBXBuildFile; fileRef = 9922816119DD2A3600ED5C1B /* AppDelegate.swift */; };
		9922816419DD2A3600ED5C1B /* ViewController.swift in Sources */ = {isa = PBXBuildFile; fileRef = 9922816319DD2A3600ED5C1B /* ViewController.swift */; };
		9922816719DD2A3600ED5C1B /* Main.storyboard in Resources */ = {isa = PBXBuildFile; fileRef = 9922816519DD2A3600ED5C1B /* Main.storyboard */; };
		9922816919DD2A3600ED5C1B /* Images.xcassets in Resources */ = {isa = PBXBuildFile; fileRef = 9922816819DD2A3600ED5C1B /* Images.xcassets */; };
		9922816C19DD2A3600ED5C1B /* LaunchScreen.xib in Resources */ = {isa = PBXBuildFile; fileRef = 9922816A19DD2A3600ED5C1B /* LaunchScreen.xib */; };
		9922817819DD2A3700ED5C1B /* ByllsEyeTests.swift in Sources */ = {isa = PBXBuildFile; fileRef = 9922817719DD2A3700ED5C1B /* ByllsEyeTests.swift */; };
/* End PBXBuildFile section */

/* Begin PBXContainerItemProxy section */
		9922817219DD2A3700ED5C1B /* PBXContainerItemProxy */ = {
			isa = PBXContainerItemProxy;
			containerPortal = 9922815419DD2A3600ED5C1B /* Project object */;
			proxyType = 1;
			remoteGlobalIDString = 9922815B19DD2A3600ED5C1B;
			remoteInfo = ByllsEye;
		};
/* End PBXContainerItemProxy section */

/* Begin PBXFileReference section */
		9922815C19DD2A3600ED5C1B /* ByllsEye.app */ = {isa = PBXFileReference; explicitFileType = wrapper.application; includeInIndex = 0; path = ByllsEye.app; sourceTree = BUILT_PRODUCTS_DIR; };
		9922816019DD2A3600ED5C1B /* Info.plist */ = {isa = PBXFileReference; lastKnownFileType = text.plist.xml; path = Info.plist; sourceTree = "<group>"; };
		9922816119DD2A3600ED5C1B /* AppDelegate.swift */ = {isa = PBXFileReference; lastKnownFileType = sourcecode.swift; path = AppDelegate.swift; sourceTree = "<group>"; };
		9922816319DD2A3600ED5C1B /* ViewController.swift */ = {isa = PBXFileReference; lastKnownFileType = sourcecode.swift; path = ViewController.swift; sourceTree = "<group>"; };
		9922816619DD2A3600ED5C1B /* Base */ = {isa = PBXFileReference; lastKnownFileType = file.storyboard; name = Base; path = Base.lproj/Main.storyboard; sourceTree = "<group>"; };
		9922816819DD2A3600ED5C1B /* Images.xcassets */ = {isa = PBXFileReference; lastKnownFileType = folder.assetcatalog; path = Images.xcassets; sourceTree = "<group>"; };
		9922816B19DD2A3600ED5C1B /* Base */ = {isa = PBXFileReference; lastKnownFileType = file.xib; name = Base; path = Base.lproj/LaunchScreen.xib; sourceTree = "<group>"; };
		9922817119DD2A3700ED5C1B /* ByllsEyeTests.xctest */ = {isa = PBXFileReference; explicitFileType = wrapper.cfbundle; includeInIndex = 0; path = ByllsEyeTests.xctest; sourceTree = BUILT_PRODUCTS_DIR; };
		9922817619DD2A3700ED5C1B /* Info.plist */ = {isa = PBXFileReference; lastKnownFileType = text.plist.xml; path = Info.plist; sourceTree = "<group>"; };
		9922817719DD2A3700ED5C1B /* ByllsEyeTests.swift */ = {isa = PBXFileReference; lastKnownFileType = sourcecode.swift; path = ByllsEyeTests.swift; sourceTree = "<group>"; };
/* End PBXFileReference section */

/* Begin PBXFrameworksBuildPhase section */
		9922815919DD2A3600ED5C1B /* Frameworks */ = {
			isa = PBXFrameworksBuildPhase;
			buildActionMask = 2147483647;
			files = (
			);
			runOnlyForDeploymentPostprocessing = 0;
		};
		9922816E19DD2A3700ED5C1B /* Frameworks */ = {
			isa = PBXFrameworksBuildPhase;
			buildActionMask = 2147483647;
			files = (
			);
			runOnlyForDeploymentPostprocessing = 0;
		};
/* End PBXFrameworksBuildPhase section */

/* Begin PBXGroup section */
		9922815319DD2A3600ED5C1B = {
			isa = PBXGroup;
			children = (
				9922815E19DD2A3600ED5C1B /* ByllsEye */,
				9922817419DD2A3700ED5C1B /* ByllsEyeTests */,
				9922815D19DD2A3600ED5C1B /* Products */,
			);
			sourceTree = "<group>";
		};
		9922815D19DD2A3600ED5C1B /* Products */ = {
			isa = PBXGroup;
			children = (
				9922815C19DD2A3600ED5C1B /* ByllsEye.app */,
				9922817119DD2A3700ED5C1B /* ByllsEyeTests.xctest */,
			);
			name = Products;
			sourceTree = "<group>";
		};
		9922815E19DD2A3600ED5C1B /* ByllsEye */ = {
			isa = PBXGroup;
			children = (
				9922816119DD2A3600ED5C1B /* AppDelegate.swift */,
				9922816319DD2A3600ED5C1B /* ViewController.swift */,
				9922816519DD2A3600ED5C1B /* Main.storyboard */,
				9922816819DD2A3600ED5C1B /* Images.xcassets */,
				9922816A19DD2A3600ED5C1B /* LaunchScreen.xib */,
				9922815F19DD2A3600ED5C1B /* Supporting Files */,
			);
			path = ByllsEye;
			sourceTree = "<group>";
		};
		9922815F19DD2A3600ED5C1B /* Supporting Files */ = {
			isa = PBXGroup;
			children = (
				9922816019DD2A3600ED5C1B /* Info.plist */,
			);
			name = "Supporting Files";
			sourceTree = "<group>";
		};
		9922817419DD2A3700ED5C1B /* ByllsEyeTests */ = {
			isa = PBXGroup;
			children = (
				9922817719DD2A3700ED5C1B /* ByllsEyeTests.swift */,
				9922817519DD2A3700ED5C1B /* Supporting Files */,
			);
			path = ByllsEyeTests;
			sourceTree = "<group>";
		};
		9922817519DD2A3700ED5C1B /* Supporting Files */ = {
			isa = PBXGroup;
			children = (
				9922817619DD2A3700ED5C1B /* Info.plist */,
			);
			name = "Supporting Files";
			sourceTree = "<group>";
		};
/* End PBXGroup section */

/* Begin PBXNativeTarget section */
		9922815B19DD2A3600ED5C1B /* ByllsEye */ = {
			isa = PBXNativeTarget;
			buildConfigurationList = 9922817B19DD2A3700ED5C1B /* Build configuration list for PBXNativeTarget "ByllsEye" */;
			buildPhases = (
				9922815819DD2A3600ED5C1B /* Sources */,
				9922815919DD2A3600ED5C1B /* Frameworks */,
				9922815A19DD2A3600ED5C1B /* Resources */,
			);
			buildRules = (
			);
			dependencies = (
			);
			name = ByllsEye;
			productName = ByllsEye;
			productReference = 9922815C19DD2A3600ED5C1B /* ByllsEye.app */;
			productType = "com.apple.product-type.application";
		};
		9922817019DD2A3700ED5C1B /* ByllsEyeTests */ = {
			isa = PBXNativeTarget;
			buildConfigurationList = 9922817E19DD2A3700ED5C1B /* Build configuration list for PBXNativeTarget "ByllsEyeTests" */;
			buildPhases = (
				9922816D19DD2A3700ED5C1B /* Sources */,
				9922816E19DD2A3700ED5C1B /* Frameworks */,
				9922816F19DD2A3700ED5C1B /* Resources */,
			);
			buildRules = (
			);
			dependencies = (
				9922817319DD2A3700ED5C1B /* PBXTargetDependency */,
			);
			name = ByllsEyeTests;
			productName = ByllsEyeTests;
			productReference = 9922817119DD2A3700ED5C1B /* ByllsEyeTests.xctest */;
			productType = "com.apple.product-type.bundle.unit-test";
		};
/* End PBXNativeTarget section */

/* Begin PBXProject section */
		9922815419DD2A3600ED5C1B /* Project object */ = {
			isa = PBXProject;
			attributes = {
				LastUpgradeCheck = 0600;
				ORGANIZATIONNAME = "Jesolo Inc";
				TargetAttributes = {
					9922815B19DD2A3600ED5C1B = {
						CreatedOnToolsVersion = 6.0.1;
					};
					9922817019DD2A3700ED5C1B = {
						CreatedOnToolsVersion = 6.0.1;
						TestTargetID = 9922815B19DD2A3600ED5C1B;
					};
				};
			};
			buildConfigurationList = 9922815719DD2A3600ED5C1B /* Build configuration list for PBXProject "ByllsEye" */;
			compatibilityVersion = "Xcode 3.2";
			developmentRegion = English;
			hasScannedForEncodings = 0;
			knownRegions = (
				en,
				Base,
			);
			mainGroup = 9922815319DD2A3600ED5C1B;
			productRefGroup = 9922815D19DD2A3600ED5C1B /* Products */;
			projectDirPath = "";
			projectRoot = "";
			targets = (
				9922815B19DD2A3600ED5C1B /* ByllsEye */,
				9922817019DD2A3700ED5C1B /* ByllsEyeTests */,
			);
		};
/* End PBXProject section */

/* Begin PBXResourcesBuildPhase section */
		9922815A19DD2A3600ED5C1B /* Resources */ = {
			isa = PBXResourcesBuildPhase;
			buildActionMask = 2147483647;
			files = (
				9922816719DD2A3600ED5C1B /* Main.storyboard in Resources */,
				9922816C19DD2A3600ED5C1B /* LaunchScreen.xib in Resources */,
				9922816919DD2A3600ED5C1B /* Images.xcassets in Resources */,
			);
			runOnlyForDeploymentPostprocessing = 0;
		};
		9922816F19DD2A3700ED5C1B /* Resources */ = {
			isa = PBXResourcesBuildPhase;
			buildActionMask = 2147483647;
			files = (
			);
			runOnlyForDeploymentPostprocessing = 0;
		};
/* End PBXResourcesBuildPhase section */

/* Begin PBXSourcesBuildPhase section */
		9922815819DD2A3600ED5C1B /* Sources */ = {
			isa = PBXSourcesBuildPhase;
			buildActionMask = 2147483647;
			files = (
				9922816419DD2A3600ED5C1B /* ViewController.swift in Sources */,
				9922816219DD2A3600ED5C1B /* AppDelegate.swift in Sources */,
			);
			runOnlyForDeploymentPostprocessing = 0;
		};
		9922816D19DD2A3700ED5C1B /* Sources */ = {
			isa = PBXSourcesBuildPhase;
			buildActionMask = 2147483647;
			files = (
				9922817819DD2A3700ED5C1B /* ByllsEyeTests.swift in Sources */,
			);
			runOnlyForDeploymentPostprocessing = 0;
		};
/* End PBXSourcesBuildPhase section */

/* Begin PBXTargetDependency section */
		9922817319DD2A3700ED5C1B /* PBXTargetDependency */ = {
			isa = PBXTargetDependency;
			target = 9922815B19DD2A3600ED5C1B /* ByllsEye */;
			targetProxy = 9922817219DD2A3700ED5C1B /* PBXContainerItemProxy */;
		};
/* End PBXTargetDependency section */

/* Begin PBXVariantGroup section */
		9922816519DD2A3600ED5C1B /* Main.storyboard */ = {
			isa = PBXVariantGroup;
			children = (
				9922816619DD2A3600ED5C1B /* Base */,
			);
			name = Main.storyboard;
			sourceTree = "<group>";
		};
		9922816A19DD2A3600ED5C1B /* LaunchScreen.xib */ = {
			isa = PBXVariantGroup;
			children = (
				9922816B19DD2A3600ED5C1B /* Base */,
			);
			name = LaunchScreen.xib;
			sourceTree = "<group>";
		};
/* End PBXVariantGroup section */

/* Begin XCBuildConfiguration section */
		9922817919DD2A3700ED5C1B /* Debug */ = {
			isa = XCBuildConfiguration;
			buildSettings = {
				ALWAYS_SEARCH_USER_PATHS = NO;
				CLANG_CXX_LANGUAGE_STANDARD = "gnu++0x";
				CLANG_CXX_LIBRARY = "libc++";
				CLANG_ENABLE_MODULES = YES;
				CLANG_ENABLE_OBJC_ARC = YES;
				CLANG_WARN_BOOL_CONVERSION = YES;
				CLANG_WARN_CONSTANT_CONVERSION = YES;
				CLANG_WARN_DIRECT_OBJC_ISA_USAGE = YES_ERROR;
				CLANG_WARN_EMPTY_BODY = YES;
				CLANG_WARN_ENUM_CONVERSION = YES;
				CLANG_WARN_INT_CONVERSION = YES;
				CLANG_WARN_OBJC_ROOT_CLASS = YES_ERROR;
				CLANG_WARN_UNREACHABLE_CODE = YES;
				CLANG_WARN__DUPLICATE_METHOD_MATCH = YES;
				"CODE_SIGN_IDENTITY[sdk=iphoneos*]" = "iPhone Developer";
				COPY_PHASE_STRIP = NO;
				ENABLE_STRICT_OBJC_MSGSEND = YES;
				GCC_C_LANGUAGE_STANDARD = gnu99;
				GCC_DYNAMIC_NO_PIC = NO;
				GCC_OPTIMIZATION_LEVEL = 0;
				GCC_PREPROCESSOR_DEFINITIONS = (
					"DEBUG=1",
					"$(inherited)",
				);
				GCC_SYMBOLS_PRIVATE_EXTERN = NO;
				GCC_WARN_64_TO_32_BIT_CONVERSION = YES;
				GCC_WARN_ABOUT_RETURN_TYPE = YES_ERROR;
				GCC_WARN_UNDECLARED_SELECTOR = YES;
				GCC_WARN_UNINITIALIZED_AUTOS = YES_AGGRESSIVE;
				GCC_WARN_UNUSED_FUNCTION = YES;
				GCC_WARN_UNUSED_VARIABLE = YES;
				IPHONEOS_DEPLOYMENT_TARGET = 8.0;
				MTL_ENABLE_DEBUG_INFO = YES;
				ONLY_ACTIVE_ARCH = YES;
				SDKROOT = iphoneos;
				SWIFT_OPTIMIZATION_LEVEL = "-Onone";
			};
			name = Debug;
		};
		9922817A19DD2A3700ED5C1B /* Release */ = {
			isa = XCBuildConfiguration;
			buildSettings = {
				ALWAYS_SEARCH_USER_PATHS = NO;
				CLANG_CXX_LANGUAGE_STANDARD = "gnu++0x";
				CLANG_CXX_LIBRARY = "libc++";
				CLANG_ENABLE_MODULES = YES;
				CLANG_ENABLE_OBJC_ARC = YES;
				CLANG_WARN_BOOL_CONVERSION = YES;
				CLANG_WARN_CONSTANT_CONVERSION = YES;
				CLANG_WARN_DIRECT_OBJC_ISA_USAGE = YES_ERROR;
				CLANG_WARN_EMPTY_BODY = YES;
				CLANG_WARN_ENUM_CONVERSION = YES;
				CLANG_WARN_INT_CONVERSION = YES;
				CLANG_WARN_OBJC_ROOT_CLASS = YES_ERROR;
				CLANG_WARN_UNREACHABLE_CODE = YES;
				CLANG_WARN__DUPLICATE_METHOD_MATCH = YES;
				"CODE_SIGN_IDENTITY[sdk=iphoneos*]" = "iPhone Developer";
				COPY_PHASE_STRIP = YES;
				ENABLE_NS_ASSERTIONS = NO;
				ENABLE_STRICT_OBJC_MSGSEND = YES;
				GCC_C_LANGUAGE_STANDARD = gnu99;
				GCC_WARN_64_TO_32_BIT_CONVERSION = YES;
				GCC_WARN_ABOUT_RETURN_TYPE = YES_ERROR;
				GCC_WARN_UNDECLARED_SELECTOR = YES;
				GCC_WARN_UNINITIALIZED_AUTOS = YES_AGGRESSIVE;
				GCC_WARN_UNUSED_FUNCTION = YES;
				GCC_WARN_UNUSED_VARIABLE = YES;
				IPHONEOS_DEPLOYMENT_TARGET = 8.0;
				MTL_ENABLE_DEBUG_INFO = NO;
				SDKROOT = iphoneos;
				VALIDATE_PRODUCT = YES;
			};
			name = Release;
		};
		9922817C19DD2A3700ED5C1B /* Debug */ = {
			isa = XCBuildConfiguration;
			buildSettings = {
				ASSETCATALOG_COMPILER_APPICON_NAME = AppIcon;
				INFOPLIST_FILE = ByllsEye/Info.plist;
				LD_RUNPATH_SEARCH_PATHS = "$(inherited) @executable_path/Frameworks";
				PRODUCT_NAME = "$(TARGET_NAME)";
			};
			name = Debug;
		};
		9922817D19DD2A3700ED5C1B /* Release */ = {
			isa = XCBuildConfiguration;
			buildSettings = {
				ASSETCATALOG_COMPILER_APPICON_NAME = AppIcon;
				INFOPLIST_FILE = ByllsEye/Info.plist;
				LD_RUNPATH_SEARCH_PATHS = "$(inherited) @executable_path/Frameworks";
				PRODUCT_NAME = "$(TARGET_NAME)";
			};
			name = Release;
		};
		9922817F19DD2A3700ED5C1B /* Debug */ = {
			isa = XCBuildConfiguration;
			buildSettings = {
				BUNDLE_LOADER = "$(TEST_HOST)";
				FRAMEWORK_SEARCH_PATHS = (
					"$(SDKROOT)/Developer/Library/Frameworks",
					"$(inherited)",
				);
				GCC_PREPROCESSOR_DEFINITIONS = (
					"DEBUG=1",
					"$(inherited)",
				);
				INFOPLIST_FILE = ByllsEyeTests/Info.plist;
				LD_RUNPATH_SEARCH_PATHS = "$(inherited) @executable_path/Frameworks @loader_path/Frameworks";
				PRODUCT_NAME = "$(TARGET_NAME)";
				TEST_HOST = "$(BUILT_PRODUCTS_DIR)/ByllsEye.app/ByllsEye";
			};
			name = Debug;
		};
		9922818019DD2A3700ED5C1B /* Release */ = {
			isa = XCBuildConfiguration;
			buildSettings = {
				BUNDLE_LOADER = "$(TEST_HOST)";
				FRAMEWORK_SEARCH_PATHS = (
					"$(SDKROOT)/Developer/Library/Frameworks",
					"$(inherited)",
				);
				INFOPLIST_FILE = ByllsEyeTests/Info.plist;
				LD_RUNPATH_SEARCH_PATHS = "$(inherited) @executable_path/Frameworks @loader_path/Frameworks";
				PRODUCT_NAME = "$(TARGET_NAME)";
				TEST_HOST = "$(BUILT_PRODUCTS_DIR)/ByllsEye.app/ByllsEye";
			};
			name = Release;
		};
/* End XCBuildConfiguration section */

/* Begin XCConfigurationList section */
		9922815719DD2A3600ED5C1B /* Build configuration list for PBXProject "ByllsEye" */ = {
			isa = XCConfigurationList;
			buildConfigurations = (
				9922817919DD2A3700ED5C1B /* Debug */,
				9922817A19DD2A3700ED5C1B /* Release */,
			);
			defaultConfigurationIsVisible = 0;
			defaultConfigurationName = Release;
		};
		9922817B19DD2A3700ED5C1B /* Build configuration list for PBXNativeTarget "ByllsEye" */ = {
			isa = XCConfigurationList;
			buildConfigurations = (
				9922817C19DD2A3700ED5C1B /* Debug */,
				9922817D19DD2A3700ED5C1B /* Release */,
			);
			defaultConfigurationIsVisible = 0;
		};
		9922817E19DD2A3700ED5C1B /* Build configuration list for PBXNativeTarget "ByllsEyeTests" */ = {
			isa = XCConfigurationList;
			buildConfigurations = (
				9922817F19DD2A3700ED5C1B /* Debug */,
				9922818019DD2A3700ED5C1B /* Release */,
			);
			defaultConfigurationIsVisible = 0;
		};
/* End XCConfigurationList section */
	};
	rootObject = 9922815419DD2A3600ED5C1B /* Project object */;
}
